dependencies:
- name: prometheus-operator
  repository: https://mesosphere.github.io/charts/staging/
  version: 8.8.*
- name: thanos
  repository: https://kubernetes-charts.banzaicloud.com/
  version: 0.3.*
digest: sha256:4f2a9a0f165192b7bae3b9d9ac85495fb5c077ac0c5ab6314a0e5ce222434cd4
generated: "2020-03-31T09:59:56.493525+04:00"
