dependencies:
- name: prometheus-operator
  repository: https://mesosphere.github.io/charts/staging
  version: 8.7.4
- name: thanos
  repository: https://kubernetes-charts.banzaicloud.com/
  version: 0.3.18
digest: sha256:029483daef821fa265a20243e00cf5e7991f04d8f6b993052b41b27adb75027a
generated: "2020-03-12T23:40:39.550595-04:00"
